Microsoft Visual Studio Solution File, Format Version 12.00
# Visual Studio Version 18
VisualStudioVersion = 18.0.11919.86
MinimumVisualStudioVersion = 10.0.40219.1
Project("{FAE04EC0-301F-11D3-BF4B-00C04F79EFBC}") = "Veerangana.YouTubeAnalytics.Web", "src\Veerangana.YouTubeAnalytics.Web\Veerangana.YouTubeAnalytics.Web.csproj", "{A7FD4F2E-D281-4A95-A2AD-5CEAD23B5A84}"
EndProject
Global
	GlobalSection(SolutionConfigurationPlatforms) = preSolution
		Debug|Any CPU = Debug|Any CPU
		Release|Any CPU = Release|Any CPU
	EndGlobalSection
	GlobalSection(ProjectConfigurationPlatforms) = postSolution
		{A7FD4F2E-D281-4A95-A2AD-5CEAD23B5A84}.Debug|Any CPU.ActiveCfg = Debug|Any CPU
		{A7FD4F2E-D281-4A95-A2AD-5CEAD23B5A84}.Debug|Any CPU.Build.0 = Debug|Any CPU
		{A7FD4F2E-D281-4A95-A2AD-5CEAD23B5A84}.Release|Any CPU.ActiveCfg = Release|Any CPU
		{A7FD4F2E-D281-4A95-A2AD-5CEAD23B5A84}.Release|Any CPU.Build.0 = Release|Any CPU
	EndGlobalSection
	GlobalSection(SolutionProperties) = preSolution
		HideSolutionNode = FALSE
	EndGlobalSection
EndGlobal
